{
  "pins" : [
    {
      "identity" : "imageviewer",
      "kind" : "remoteSourceControl",
      "location" : "https://github.com/maiyama18/ImageViewer.git",
      "state" : {
        "revision" : "ff3cf9ba4bb8b7f925884b7f2a642b05f123883d",
        "version" : "0.2.0"
      }
    },
    {
      "identity" : "swiftui-introspect",
      "kind" : "remoteSourceControl",
      "location" : "https://github.com/siteline/SwiftUI-Introspect.git",
      "state" : {
        "revision" : "f2616860a41f9d9932da412a8978fec79c06fe24",
        "version" : "0.1.4"
      }
    },
    {
      "identity" : "swiftutils",
      "kind" : "remoteSourceControl",
      "location" : "https://github.com/maiyama18/SwiftUtils.git",
      "state" : {
        "revision" : "1685b58567393c9631b61d745f5ccd1e1c24b49f",
        "version" : "0.1.1"
      }
    }
  ],
  "version" : 2
}
